
Microsoft Visual Studio Solution File, Format Version 12.00
# Visual Studio Version 17
VisualStudioVersion = 17.3.32819.101
MinimumVisualStudioVersion = 10.0.40219.1
Project("{FAE04EC0-301F-11D3-BF4B-00C04F79EFBC}") = "WebCrawler.API", "WebCrawler.API\WebCrawler.API.csproj", "{CDB125B0-2F83-4064-A786-02157BCF2F57}"
EndProject
Global
	GlobalSection(SolutionConfigurationPlatforms) = preSolution
		Debug|Any CPU = Debug|Any CPU
		Release|Any CPU = Release|Any CPU
	EndGlobalSection
	GlobalSection(ProjectConfigurationPlatforms) = postSolution
		{CDB125B0-2F83-4064-A786-02157BCF2F57}.Debug|Any CPU.ActiveCfg = Debug|Any CPU
		{CDB125B0-2F83-4064-A786-02157BCF2F57}.Debug|Any CPU.Build.0 = Debug|Any CPU
		{CDB125B0-2F83-4064-A786-02157BCF2F57}.Release|Any CPU.ActiveCfg = Release|Any CPU
		{CDB125B0-2F83-4064-A786-02157BCF2F57}.Release|Any CPU.Build.0 = Release|Any CPU
	EndGlobalSection
	GlobalSection(SolutionProperties) = preSolution
		HideSolutionNode = FALSE
	EndGlobalSection
	GlobalSection(ExtensibilityGlobals) = postSolution
		SolutionGuid = {20B14CCD-E1D9-4350-9859-37D2F104E3AA}
	EndGlobalSection
EndGlobal
